
Microsoft Visual Studio Solution File, Format Version 11.00
# Visual Studio 2010
Project("{2150E333-8FDC-42A3-9474-1A3956D46DE8}") = "src", "src", "{5097FE6B-ED2A-4C6A-8883-A6973FBAB9AC}"
EndProject
Project("{FAE04EC0-301F-11D3-BF4B-00C04F79EFBC}") = "Nancy.Mono", "Nancy.Mono\Nancy.Mono.csproj", "{1BC2CD16-5E4C-46EA-AA8F-6490307BC07D}"
EndProject
Project("{FAE04EC0-301F-11D3-BF4B-00C04F79EFBC}") = "Nancy.Mono.ViewEngines.Spark", "Nancy.Mono.ViewEngines.Spark\Nancy.Mono.ViewEngines.Spark.csproj", "{1E76E8B1-C502-4106-8921-3FE4E16B0EE7}"
EndProject
Project("{FAE04EC0-301F-11D3-BF4B-00C04F79EFBC}") = "Nancy.Mono.ViewEngines.Razor", "Nancy.Mono.ViewEngines.Razor\Nancy.Mono.ViewEngines.Razor.csproj", "{DBBBA7FF-BDCD-4F2E-B47C-8D483867E204}"
EndProject
Project("{FAE04EC0-301F-11D3-BF4B-00C04F79EFBC}") = "Nancy.Mono.Hosting.Aspnet", "Nancy.Mono.Hosting.Aspnet\Nancy.Mono.Hosting.Aspnet.csproj", "{ADB26358-A7DD-48B2-9351-1B7835AA2971}"
EndProject
Project("{FAE04EC0-301F-11D3-BF4B-00C04F79EFBC}") = "Nancy.Mono.Hosting.Self", "Nancy.Mono.Hosting.Self\Nancy.Mono.Hosting.Self.csproj", "{25C369B0-A2C8-491A-8BFF-AB64EC8FAE3F}"
EndProject
Project("{2150E333-8FDC-42A3-9474-1A3956D46DE8}") = "samples", "samples", "{59DB00BB-FC00-4C2E-9D8D-DD02A03000F0}"
EndProject
Project("{FAE04EC0-301F-11D3-BF4B-00C04F79EFBC}") = "Nancy.Mono.Demo.Hosting.Aspnet", "Nancy.Mono.Demo\Nancy.Mono.Demo.Hosting.Aspnet.csproj", "{611BA540-C502-47D0-BDC0-672F04AE4853}"
EndProject
Project("{FAE04EC0-301F-11D3-BF4B-00C04F79EFBC}") = "Nancy.Mono.Demo.Hosting.Self", "Nancy.Mono.Demo.Hosting.Self\Nancy.Mono.Demo.Hosting.Self.csproj", "{C75E3499-513F-4ED0-93B5-CB40BAC9AD04}"
EndProject
Global
	GlobalSection(SolutionConfigurationPlatforms) = preSolution
		Debug|Any CPU = Debug|Any CPU
		Release|Any CPU = Release|Any CPU
	EndGlobalSection
	GlobalSection(ProjectConfigurationPlatforms) = postSolution
		{1BC2CD16-5E4C-46EA-AA8F-6490307BC07D}.Debug|Any CPU.ActiveCfg = Debug|Any CPU
		{1BC2CD16-5E4C-46EA-AA8F-6490307BC07D}.Debug|Any CPU.Build.0 = Debug|Any CPU
		{1BC2CD16-5E4C-46EA-AA8F-6490307BC07D}.Release|Any CPU.ActiveCfg = Release|Any CPU
		{1BC2CD16-5E4C-46EA-AA8F-6490307BC07D}.Release|Any CPU.Build.0 = Release|Any CPU
		{1E76E8B1-C502-4106-8921-3FE4E16B0EE7}.Debug|Any CPU.ActiveCfg = Debug|Any CPU
		{1E76E8B1-C502-4106-8921-3FE4E16B0EE7}.Debug|Any CPU.Build.0 = Debug|Any CPU
		{1E76E8B1-C502-4106-8921-3FE4E16B0EE7}.Release|Any CPU.ActiveCfg = Release|Any CPU
		{1E76E8B1-C502-4106-8921-3FE4E16B0EE7}.Release|Any CPU.Build.0 = Release|Any CPU
		{25C369B0-A2C8-491A-8BFF-AB64EC8FAE3F}.Debug|Any CPU.ActiveCfg = Debug|Any CPU
		{25C369B0-A2C8-491A-8BFF-AB64EC8FAE3F}.Debug|Any CPU.Build.0 = Debug|Any CPU
		{25C369B0-A2C8-491A-8BFF-AB64EC8FAE3F}.Release|Any CPU.ActiveCfg = Release|Any CPU
		{25C369B0-A2C8-491A-8BFF-AB64EC8FAE3F}.Release|Any CPU.Build.0 = Release|Any CPU
		{611BA540-C502-47D0-BDC0-672F04AE4853}.Debug|Any CPU.ActiveCfg = Debug|Any CPU
		{611BA540-C502-47D0-BDC0-672F04AE4853}.Debug|Any CPU.Build.0 = Debug|Any CPU
		{611BA540-C502-47D0-BDC0-672F04AE4853}.Release|Any CPU.ActiveCfg = Release|Any CPU
		{611BA540-C502-47D0-BDC0-672F04AE4853}.Release|Any CPU.Build.0 = Release|Any CPU
		{ADB26358-A7DD-48B2-9351-1B7835AA2971}.Debug|Any CPU.ActiveCfg = Debug|Any CPU
		{ADB26358-A7DD-48B2-9351-1B7835AA2971}.Debug|Any CPU.Build.0 = Debug|Any CPU
		{ADB26358-A7DD-48B2-9351-1B7835AA2971}.Release|Any CPU.ActiveCfg = Release|Any CPU
		{ADB26358-A7DD-48B2-9351-1B7835AA2971}.Release|Any CPU.Build.0 = Release|Any CPU
		{C75E3499-513F-4ED0-93B5-CB40BAC9AD04}.Debug|Any CPU.ActiveCfg = Debug|Any CPU
		{C75E3499-513F-4ED0-93B5-CB40BAC9AD04}.Debug|Any CPU.Build.0 = Debug|Any CPU
		{C75E3499-513F-4ED0-93B5-CB40BAC9AD04}.Release|Any CPU.ActiveCfg = Release|Any CPU
		{C75E3499-513F-4ED0-93B5-CB40BAC9AD04}.Release|Any CPU.Build.0 = Release|Any CPU
		{DBBBA7FF-BDCD-4F2E-B47C-8D483867E204}.Debug|Any CPU.ActiveCfg = Debug|Any CPU
		{DBBBA7FF-BDCD-4F2E-B47C-8D483867E204}.Debug|Any CPU.Build.0 = Debug|Any CPU
		{DBBBA7FF-BDCD-4F2E-B47C-8D483867E204}.Release|Any CPU.ActiveCfg = Release|Any CPU
		{DBBBA7FF-BDCD-4F2E-B47C-8D483867E204}.Release|Any CPU.Build.0 = Release|Any CPU
	EndGlobalSection
	GlobalSection(NestedProjects) = preSolution
		{1BC2CD16-5E4C-46EA-AA8F-6490307BC07D} = {5097FE6B-ED2A-4C6A-8883-A6973FBAB9AC}
		{1E76E8B1-C502-4106-8921-3FE4E16B0EE7} = {5097FE6B-ED2A-4C6A-8883-A6973FBAB9AC}
		{DBBBA7FF-BDCD-4F2E-B47C-8D483867E204} = {5097FE6B-ED2A-4C6A-8883-A6973FBAB9AC}
		{ADB26358-A7DD-48B2-9351-1B7835AA2971} = {5097FE6B-ED2A-4C6A-8883-A6973FBAB9AC}
		{25C369B0-A2C8-491A-8BFF-AB64EC8FAE3F} = {5097FE6B-ED2A-4C6A-8883-A6973FBAB9AC}
		{611BA540-C502-47D0-BDC0-672F04AE4853} = {59DB00BB-FC00-4C2E-9D8D-DD02A03000F0}
		{C75E3499-513F-4ED0-93B5-CB40BAC9AD04} = {59DB00BB-FC00-4C2E-9D8D-DD02A03000F0}
	EndGlobalSection
	GlobalSection(MonoDevelopProperties) = preSolution
		StartupItem = Nancy.Mono.Demo.Hosting.Self\Nancy.Mono.Demo.Hosting.Self.csproj
	EndGlobalSection
EndGlobal
